
Microsoft Visual Studio Solution File, Format Version 12.00
# Visual Studio Version 16
VisualStudioVersion = 16.0.33027.164
MinimumVisualStudioVersion = 10.0.40219.1
Project("{FAE04EC0-301F-11D3-BF4B-00C04F79EFBC}") = "RabbitMQ.Publisher", "RabbitMQ.Publisher\RabbitMQ.Publisher.csproj", "{FBD8B38A-6929-4B53-98A5-91D3ECBF2E86}"
EndProject
Project("{FAE04EC0-301F-11D3-BF4B-00C04F79EFBC}") = "RabbitMQ.Subscriber", "RabbitMQ.Subscriber\RabbitMQ.Subscriber.csproj", "{A045FCA5-BADC-462D-BDA3-DFCA3D6F1D37}"
EndProject
Global
	GlobalSection(SolutionConfigurationPlatforms) = preSolution
		Debug|Any CPU = Debug|Any CPU
		Release|Any CPU = Release|Any CPU
	EndGlobalSection
	GlobalSection(ProjectConfigurationPlatforms) = postSolution
		{FBD8B38A-6929-4B53-98A5-91D3ECBF2E86}.Debug|Any CPU.ActiveCfg = Debug|Any CPU
		{FBD8B38A-6929-4B53-98A5-91D3ECBF2E86}.Debug|Any CPU.Build.0 = Debug|Any CPU
		{FBD8B38A-6929-4B53-98A5-91D3ECBF2E86}.Release|Any CPU.ActiveCfg = Release|Any CPU
		{FBD8B38A-6929-4B53-98A5-91D3ECBF2E86}.Release|Any CPU.Build.0 = Release|Any CPU
		{A045FCA5-BADC-462D-BDA3-DFCA3D6F1D37}.Debug|Any CPU.ActiveCfg = Debug|Any CPU
		{A045FCA5-BADC-462D-BDA3-DFCA3D6F1D37}.Debug|Any CPU.Build.0 = Debug|Any CPU
		{A045FCA5-BADC-462D-BDA3-DFCA3D6F1D37}.Release|Any CPU.ActiveCfg = Release|Any CPU
		{A045FCA5-BADC-462D-BDA3-DFCA3D6F1D37}.Release|Any CPU.Build.0 = Release|Any CPU
	EndGlobalSection
	GlobalSection(SolutionProperties) = preSolution
		HideSolutionNode = FALSE
	EndGlobalSection
	GlobalSection(ExtensibilityGlobals) = postSolution
		SolutionGuid = {7C4CC0F4-1B9D-462E-93F5-36BE4D3733B0}
	EndGlobalSection
EndGlobal
